// !$*UTF8*$!
{
	archiveVersion = 1;
	classes = {
	};
	objectVersion = 56;
	objects = {

/* Begin PBXBuildFile section */
		3642DF572A9253F6009986C7 /* AppDelegate.swift in Sources */ = {isa = PBXBuildFile; fileRef = 3642DF562A9253F6009986C7 /* AppDelegate.swift */; };
		3642DF592A9253F6009986C7 /* SceneDelegate.swift in Sources */ = {isa = PBXBuildFile; fileRef = 3642DF582A9253F6009986C7 /* SceneDelegate.swift */; };
		3642DF5B2A9253F6009986C7 /* ViewController.swift in Sources */ = {isa = PBXBuildFile; fileRef = 3642DF5A2A9253F6009986C7 /* ViewController.swift */; };
		3642DF5E2A9253F6009986C7 /* Main.storyboard in Resources */ = {isa = PBXBuildFile; fileRef = 3642DF5C2A9253F6009986C7 /* Main.storyboard */; };
		3642DF602A9253F7009986C7 /* Assets.xcassets in Resources */ = {isa = PBXBuildFile; fileRef = 3642DF5F2A9253F7009986C7 /* Assets.xcassets */; };
		3642DF632A9253F7009986C7 /* LaunchScreen.storyboard in Resources */ = {isa = PBXBuildFile; fileRef = 3642DF612A9253F7009986C7 /* LaunchScreen.storyboard */; };
		3642DF6B2A92573E009986C7 /* GoogleService-Info.plist in Resources */ = {isa = PBXBuildFile; fileRef = 3642DF6A2A92573E009986C7 /* GoogleService-Info.plist */; };
		3642DF732A9257FD009986C7 /* output-onlinepngtools-2.png in Resources */ = {isa = PBXBuildFile; fileRef = 3642DF6C2A9257FD009986C7 /* output-onlinepngtools-2.png */; };
		3642DF742A9257FD009986C7 /* NEW.jpeg in Resources */ = {isa = PBXBuildFile; fileRef = 3642DF6D2A9257FD009986C7 /* NEW.jpeg */; };
		3642DF752A9257FD009986C7 /* logo-transparent-png.png in Resources */ = {isa = PBXBuildFile; fileRef = 3642DF6E2A9257FD009986C7 /* logo-transparent-png.png */; };
		3642DF762A9257FD009986C7 /* dribbble_cover1.png.webp in Resources */ = {isa = PBXBuildFile; fileRef = 3642DF6F2A9257FD009986C7 /* dribbble_cover1.png.webp */; };
		3642DF772A9257FD009986C7 /* powerstat.png in Resources */ = {isa = PBXBuildFile; fileRef = 3642DF702A9257FD009986C7 /* powerstat.png */; };
		3642DF782A9257FD009986C7 /* output-onlinepngtools-4.png in Resources */ = {isa = PBXBuildFile; fileRef = 3642DF712A9257FD009986C7 /* output-onlinepngtools-4.png */; };
		3642DF792A9257FD009986C7 /* output-onlinepngtools.png in Resources */ = {isa = PBXBuildFile; fileRef = 3642DF722A9257FD009986C7 /* output-onlinepngtools.png */; };
		3642DF7B2A925945009986C7 /* LoginViewController.swift in Sources */ = {isa = PBXBuildFile; fileRef = 3642DF7A2A925944009986C7 /* LoginViewController.swift */; };
		3642DF7D2A92597E009986C7 /* DetailsViewController.swift in Sources */ = {isa = PBXBuildFile; fileRef = 3642DF7C2A92597E009986C7 /* DetailsViewController.swift */; };
		3642DF7F2A9259AD009986C7 /* SuperHeroViewController.swift in Sources */ = {isa = PBXBuildFile; fileRef = 3642DF7E2A9259AD009986C7 /* SuperHeroViewController.swift */; };
		3642DF812A925A05009986C7 /* PickViewController.swift in Sources */ = {isa = PBXBuildFile; fileRef = 3642DF802A925A05009986C7 /* PickViewController.swift */; };
		3642DF852A925A2A009986C7 /* Hero.swift in Sources */ = {isa = PBXBuildFile; fileRef = 3642DF842A925A2A009986C7 /* Hero.swift */; };
		3642DF872A925A6A009986C7 /* FirebaseManager.swift in Sources */ = {isa = PBXBuildFile; fileRef = 3642DF862A925A6A009986C7 /* FirebaseManager.swift */; };
		3642DF892A925C83009986C7 /* SavedTableViewController.swift in Sources */ = {isa = PBXBuildFile; fileRef = 3642DF882A925C83009986C7 /* SavedTableViewController.swift */; };
		3642DF8B2A925C9E009986C7 /* ImageViewController.swift in Sources */ = {isa = PBXBuildFile; fileRef = 3642DF8A2A925C9E009986C7 /* ImageViewController.swift */; };
		3642DF8E2A925D6E009986C7 /* photoDataModel.xcdatamodeld in Sources */ = {isa = PBXBuildFile; fileRef = 3642DF8C2A925D6E009986C7 /* photoDataModel.xcdatamodeld */; };
		3642DF902A925E36009986C7 /* CoreData.swift in Sources */ = {isa = PBXBuildFile; fileRef = 3642DF8F2A925E36009986C7 /* CoreData.swift */; };
		4627BF252B0D83B39C799832 /* Pods_SuperHeroApp.framework in Frameworks */ = {isa = PBXBuildFile; fileRef = F2E8DDAB929585422159E197 /* Pods_SuperHeroApp.framework */; };
/* End PBXBuildFile section */

/* Begin PBXFileReference section */
		17A3494232108B05FDFFE667 /* Pods-SuperHeroApp.debug.xcconfig */ = {isa = PBXFileReference; includeInIndex = 1; lastKnownFileType = text.xcconfig; name = "Pods-SuperHeroApp.debug.xcconfig"; path = "Target Support Files/Pods-SuperHeroApp/Pods-SuperHeroApp.debug.xcconfig"; sourceTree = "<group>"; };
		3642DF532A9253F6009986C7 /* SuperHeroApp.app */ = {isa = PBXFileReference; explicitFileType = wrapper.application; includeInIndex = 0; path = SuperHeroApp.app; sourceTree = BUILT_PRODUCTS_DIR; };
		3642DF562A9253F6009986C7 /* AppDelegate.swift */ = {isa = PBXFileReference; lastKnownFileType = sourcecode.swift; path = AppDelegate.swift; sourceTree = "<group>"; };
		3642DF582A9253F6009986C7 /* SceneDelegate.swift */ = {isa = PBXFileReference; lastKnownFileType = sourcecode.swift; path = SceneDelegate.swift; sourceTree = "<group>"; };
		3642DF5A2A9253F6009986C7 /* ViewController.swift */ = {isa = PBXFileReference; lastKnownFileType = sourcecode.swift; path = ViewController.swift; sourceTree = "<group>"; };
		3642DF5D2A9253F6009986C7 /* Base */ = {isa = PBXFileReference; lastKnownFileType = file.storyboard; name = Base; path = Base.lproj/Main.storyboard; sourceTree = "<group>"; };
		3642DF5F2A9253F7009986C7 /* Assets.xcassets */ = {isa = PBXFileReference; lastKnownFileType = folder.assetcatalog; path = Assets.xcassets; sourceTree = "<group>"; };
		3642DF622A9253F7009986C7 /* Base */ = {isa = PBXFileReference; lastKnownFileType = file.storyboard; name = Base; path = Base.lproj/LaunchScreen.storyboard; sourceTree = "<group>"; };
		3642DF642A9253F7009986C7 /* Info.plist */ = {isa = PBXFileReference; lastKnownFileType = text.plist.xml; path = Info.plist; sourceTree = "<group>"; };
		3642DF6A2A92573E009986C7 /* GoogleService-Info.plist */ = {isa = PBXFileReference; fileEncoding = 4; lastKnownFileType = text.plist.xml; path = "GoogleService-Info.plist"; sourceTree = "<group>"; };
		3642DF6C2A9257FD009986C7 /* output-onlinepngtools-2.png */ = {isa = PBXFileReference; lastKnownFileType = image.png; path = "output-onlinepngtools-2.png"; sourceTree = "<group>"; };
		3642DF6D2A9257FD009986C7 /* NEW.jpeg */ = {isa = PBXFileReference; lastKnownFileType = image.jpeg; path = NEW.jpeg; sourceTree = "<group>"; };
		3642DF6E2A9257FD009986C7 /* logo-transparent-png.png */ = {isa = PBXFileReference; lastKnownFileType = image.png; path = "logo-transparent-png.png"; sourceTree = "<group>"; };
		3642DF6F2A9257FD009986C7 /* dribbble_cover1.png.webp */ = {isa = PBXFileReference; lastKnownFileType = file; path = dribbble_cover1.png.webp; sourceTree = "<group>"; };
		3642DF702A9257FD009986C7 /* powerstat.png */ = {isa = PBXFileReference; lastKnownFileType = image.png; path = powerstat.png; sourceTree = "<group>"; };
		3642DF712A9257FD009986C7 /* output-onlinepngtools-4.png */ = {isa = PBXFileReference; lastKnownFileType = image.png; path = "output-onlinepngtools-4.png"; sourceTree = "<group>"; };
		3642DF722A9257FD009986C7 /* output-onlinepngtools.png */ = {isa = PBXFileReference; lastKnownFileType = image.png; path = "output-onlinepngtools.png"; sourceTree = "<group>"; };
		3642DF7A2A925944009986C7 /* LoginViewController.swift */ = {isa = PBXFileReference; lastKnownFileType = sourcecode.swift; path = LoginViewController.swift; sourceTree = "<group>"; };
		3642DF7C2A92597E009986C7 /* DetailsViewController.swift */ = {isa = PBXFileReference; lastKnownFileType = sourcecode.swift; path = DetailsViewController.swift; sourceTree = "<group>"; };
		3642DF7E2A9259AD009986C7 /* SuperHeroViewController.swift */ = {isa = PBXFileReference; lastKnownFileType = sourcecode.swift; path = SuperHeroViewController.swift; sourceTree = "<group>"; };
		3642DF802A925A05009986C7 /* PickViewController.swift */ = {isa = PBXFileReference; lastKnownFileType = sourcecode.swift; path = PickViewController.swift; sourceTree = "<group>"; };
		3642DF842A925A2A009986C7 /* Hero.swift */ = {isa = PBXFileReference; lastKnownFileType = sourcecode.swift; path = Hero.swift; sourceTree = "<group>"; };
		3642DF862A925A6A009986C7 /* FirebaseManager.swift */ = {isa = PBXFileReference; lastKnownFileType = sourcecode.swift; path = FirebaseManager.swift; sourceTree = "<group>"; };
		3642DF882A925C83009986C7 /* SavedTableViewController.swift */ = {isa = PBXFileReference; lastKnownFileType = sourcecode.swift; path = SavedTableViewController.swift; sourceTree = "<group>"; };
		3642DF8A2A925C9E009986C7 /* ImageViewController.swift */ = {isa = PBXFileReference; lastKnownFileType = sourcecode.swift; path = ImageViewController.swift; sourceTree = "<group>"; };
		3642DF8D2A925D6E009986C7 /* photoDataModel.xcdatamodel */ = {isa = PBXFileReference; lastKnownFileType = wrapper.xcdatamodel; path = photoDataModel.xcdatamodel; sourceTree = "<group>"; };
		3642DF8F2A925E36009986C7 /* CoreData.swift */ = {isa = PBXFileReference; lastKnownFileType = sourcecode.swift; path = CoreData.swift; sourceTree = "<group>"; };
		D82DC6031FB61376618F1E73 /* Pods-SuperHeroApp.release.xcconfig */ = {isa = PBXFileReference; includeInIndex = 1; lastKnownFileType = text.xcconfig; name = "Pods-SuperHeroApp.release.xcconfig"; path = "Target Support Files/Pods-SuperHeroApp/Pods-SuperHeroApp.release.xcconfig"; sourceTree = "<group>"; };
		F2E8DDAB929585422159E197 /* Pods_SuperHeroApp.framework */ = {isa = PBXFileReference; explicitFileType = wrapper.framework; includeInIndex = 0; path = Pods_SuperHeroApp.framework; sourceTree = BUILT_PRODUCTS_DIR; };
/* End PBXFileReference section */

/* Begin PBXFrameworksBuildPhase section */
		3642DF502A9253F6009986C7 /* Frameworks */ = {
			isa = PBXFrameworksBuildPhase;
			buildActionMask = 2147483647;
			files = (
				4627BF252B0D83B39C799832 /* Pods_SuperHeroApp.framework in Frameworks */,
			);
			runOnlyForDeploymentPostprocessing = 0;
		};
/* End PBXFrameworksBuildPhase section */

/* Begin PBXGroup section */
		106854F319F282AAC9561551 /* Pods */ = {
			isa = PBXGroup;
			children = (
				17A3494232108B05FDFFE667 /* Pods-SuperHeroApp.debug.xcconfig */,
				D82DC6031FB61376618F1E73 /* Pods-SuperHeroApp.release.xcconfig */,
			);
			path = Pods;
			sourceTree = "<group>";
		};
		3642DF4A2A9253F5009986C7 = {
			isa = PBXGroup;
			children = (
				3642DF552A9253F6009986C7 /* SuperHeroApp */,
				3642DF542A9253F6009986C7 /* Products */,
				106854F319F282AAC9561551 /* Pods */,
				A8F8B39C6BC2EF9EBD409916 /* Frameworks */,
			);
			sourceTree = "<group>";
		};
		3642DF542A9253F6009986C7 /* Products */ = {
			isa = PBXGroup;
			children = (
				3642DF532A9253F6009986C7 /* SuperHeroApp.app */,
			);
			name = Products;
			sourceTree = "<group>";
		};
		3642DF552A9253F6009986C7 /* SuperHeroApp */ = {
			isa = PBXGroup;
			children = (
				3642DF562A9253F6009986C7 /* AppDelegate.swift */,
				3642DF6A2A92573E009986C7 /* GoogleService-Info.plist */,
				3642DF582A9253F6009986C7 /* SceneDelegate.swift */,
				3642DF5A2A9253F6009986C7 /* ViewController.swift */,
				3642DF7A2A925944009986C7 /* LoginViewController.swift */,
				3642DF7C2A92597E009986C7 /* DetailsViewController.swift */,
				3642DF7E2A9259AD009986C7 /* SuperHeroViewController.swift */,
				3642DF802A925A05009986C7 /* PickViewController.swift */,
				3642DF842A925A2A009986C7 /* Hero.swift */,
				3642DF862A925A6A009986C7 /* FirebaseManager.swift */,
				3642DF8F2A925E36009986C7 /* CoreData.swift */,
				3642DF8C2A925D6E009986C7 /* photoDataModel.xcdatamodeld */,
				3642DF5C2A9253F6009986C7 /* Main.storyboard */,
				3642DF882A925C83009986C7 /* SavedTableViewController.swift */,
				3642DF8A2A925C9E009986C7 /* ImageViewController.swift */,
				3642DF6F2A9257FD009986C7 /* dribbble_cover1.png.webp */,
				3642DF6E2A9257FD009986C7 /* logo-transparent-png.png */,
				3642DF6D2A9257FD009986C7 /* NEW.jpeg */,
				3642DF6C2A9257FD009986C7 /* output-onlinepngtools-2.png */,
				3642DF712A9257FD009986C7 /* output-onlinepngtools-4.png */,
				3642DF722A9257FD009986C7 /* output-onlinepngtools.png */,
				3642DF702A9257FD009986C7 /* powerstat.png */,
				3642DF5F2A9253F7009986C7 /* Assets.xcassets */,
				3642DF612A9253F7009986C7 /* LaunchScreen.storyboard */,
				3642DF642A9253F7009986C7 /* Info.plist */,
			);
			path = SuperHeroApp;
			sourceTree = "<group>";
		};
		A8F8B39C6BC2EF9EBD409916 /* Frameworks */ = {
			isa = PBXGroup;
			children = (
				F2E8DDAB929585422159E197 /* Pods_SuperHeroApp.framework */,
			);
			name = Frameworks;
			sourceTree = "<group>";
		};
/* End PBXGroup section */

/* Begin PBXNativeTarget section */
		3642DF522A9253F6009986C7 /* SuperHeroApp */ = {
			isa = PBXNativeTarget;
			buildConfigurationList = 3642DF672A9253F7009986C7 /* Build configuration list for PBXNativeTarget "SuperHeroApp" */;
			buildPhases = (
				121C5CED442548C2D0A73D66 /* [CP] Check Pods Manifest.lock */,
				3642DF4F2A9253F6009986C7 /* Sources */,
				3642DF502A9253F6009986C7 /* Frameworks */,
				3642DF512A9253F6009986C7 /* Resources */,
				651D4B015EDE19D9AB62AAB2 /* [CP] Embed Pods Frameworks */,
			);
			buildRules = (
			);
			dependencies = (
			);
			name = SuperHeroApp;
			productName = SuperHeroApp;
			productReference = 3642DF532A9253F6009986C7 /* SuperHeroApp.app */;
			productType = "com.apple.product-type.application";
		};
/* End PBXNativeTarget section */

/* Begin PBXProject section */
		3642DF4B2A9253F5009986C7 /* Project object */ = {
			isa = PBXProject;
			attributes = {
				BuildIndependentTargetsInParallel = 1;
				LastSwiftUpdateCheck = 1420;
				LastUpgradeCheck = 1420;
				TargetAttributes = {
					3642DF522A9253F6009986C7 = {
						CreatedOnToolsVersion = 14.2;
					};
				};
			};
			buildConfigurationList = 3642DF4E2A9253F5009986C7 /* Build configuration list for PBXProject "SuperHeroApp" */;
			compatibilityVersion = "Xcode 14.0";
			developmentRegion = en;
			hasScannedForEncodings = 0;
			knownRegions = (
				en,
				Base,
			);
			mainGroup = 3642DF4A2A9253F5009986C7;
			productRefGroup = 3642DF542A9253F6009986C7 /* Products */;
			projectDirPath = "";
			projectRoot = "";
			targets = (
				3642DF522A9253F6009986C7 /* SuperHeroApp */,
			);
		};
/* End PBXProject section */

/* Begin PBXResourcesBuildPhase section */
		3642DF512A9253F6009986C7 /* Resources */ = {
			isa = PBXResourcesBuildPhase;
			buildActionMask = 2147483647;
			files = (
				3642DF792A9257FD009986C7 /* output-onlinepngtools.png in Resources */,
				3642DF742A9257FD009986C7 /* NEW.jpeg in Resources */,
				3642DF632A9253F7009986C7 /* LaunchScreen.storyboard in Resources */,
				3642DF6B2A92573E009986C7 /* GoogleService-Info.plist in Resources */,
				3642DF602A9253F7009986C7 /* Assets.xcassets in Resources */,
				3642DF762A9257FD009986C7 /* dribbble_cover1.png.webp in Resources */,
				3642DF772A9257FD009986C7 /* powerstat.png in Resources */,
				3642DF782A9257FD009986C7 /* output-onlinepngtools-4.png in Resources */,
				3642DF732A9257FD009986C7 /* output-onlinepngtools-2.png in Resources */,
				3642DF752A9257FD009986C7 /* logo-transparent-png.png in Resources */,
				3642DF5E2A9253F6009986C7 /* Main.storyboard in Resources */,
			);
			runOnlyForDeploymentPostprocessing = 0;
		};
/* End PBXResourcesBuildPhase section */

/* Begin PBXShellScriptBuildPhase section */
		121C5CED442548C2D0A73D66 /* [CP] Check Pods Manifest.lock */ = {
			isa = PBXShellScriptBuildPhase;
			buildActionMask = 2147483647;
			files = (
			);
			inputFileListPaths = (
			);
			inputPaths = (
				"${PODS_PODFILE_DIR_PATH}/Podfile.lock",
				"${PODS_ROOT}/Manifest.lock",
			);
			name = "[CP] Check Pods Manifest.lock";
			outputFileListPaths = (
			);
			outputPaths = (
				"$(DERIVED_FILE_DIR)/Pods-SuperHeroApp-checkManifestLockResult.txt",
			);
			runOnlyForDeploymentPostprocessing = 0;
			shellPath = /bin/sh;
			shellScript = "diff \"${PODS_PODFILE_DIR_PATH}/Podfile.lock\" \"${PODS_ROOT}/Manifest.lock\" > /dev/null\nif [ $? != 0 ] ; then\n    # print error to STDERR\n    echo \"error: The sandbox is not in sync with the Podfile.lock. Run 'pod install' or update your CocoaPods installation.\" >&2\n    exit 1\nfi\n# This output is used by Xcode 'outputs' to avoid re-running this script phase.\necho \"SUCCESS\" > \"${SCRIPT_OUTPUT_FILE_0}\"\n";
			showEnvVarsInLog = 0;
		};
		651D4B015EDE19D9AB62AAB2 /* [CP] Embed Pods Frameworks */ = {
			isa = PBXShellScriptBuildPhase;
			buildActionMask = 2147483647;
			files = (
			);
			inputFileListPaths = (
				"${PODS_ROOT}/Target Support Files/Pods-SuperHeroApp/Pods-SuperHeroApp-frameworks-${CONFIGURATION}-input-files.xcfilelist",
			);
			name = "[CP] Embed Pods Frameworks";
			outputFileListPaths = (
				"${PODS_ROOT}/Target Support Files/Pods-SuperHeroApp/Pods-SuperHeroApp-frameworks-${CONFIGURATION}-output-files.xcfilelist",
			);
			runOnlyForDeploymentPostprocessing = 0;
			shellPath = /bin/sh;
			shellScript = "\"${PODS_ROOT}/Target Support Files/Pods-SuperHeroApp/Pods-SuperHeroApp-frameworks.sh\"\n";
			showEnvVarsInLog = 0;
		};
/* End PBXShellScriptBuildPhase section */

/* Begin PBXSourcesBuildPhase section */
		3642DF4F2A9253F6009986C7 /* Sources */ = {
			isa = PBXSourcesBuildPhase;
			buildActionMask = 2147483647;
			files = (
				3642DF7F2A9259AD009986C7 /* SuperHeroViewController.swift in Sources */,
				3642DF902A925E36009986C7 /* CoreData.swift in Sources */,
				3642DF7B2A925945009986C7 /* LoginViewController.swift in Sources */,
				3642DF812A925A05009986C7 /* PickViewController.swift in Sources */,
				3642DF892A925C83009986C7 /* SavedTableViewController.swift in Sources */,
				3642DF872A925A6A009986C7 /* FirebaseManager.swift in Sources */,
				3642DF852A925A2A009986C7 /* Hero.swift in Sources */,
				3642DF5B2A9253F6009986C7 /* ViewController.swift in Sources */,
				3642DF572A9253F6009986C7 /* AppDelegate.swift in Sources */,
				3642DF8E2A925D6E009986C7 /* photoDataModel.xcdatamodeld in Sources */,
				3642DF592A9253F6009986C7 /* SceneDelegate.swift in Sources */,
				3642DF8B2A925C9E009986C7 /* ImageViewController.swift in Sources */,
				3642DF7D2A92597E009986C7 /* DetailsViewController.swift in Sources */,
			);
			runOnlyForDeploymentPostprocessing = 0;
		};
/* End PBXSourcesBuildPhase section */

/* Begin PBXVariantGroup section */
		3642DF5C2A9253F6009986C7 /* Main.storyboard */ = {
			isa = PBXVariantGroup;
			children = (
				3642DF5D2A9253F6009986C7 /* Base */,
			);
			name = Main.storyboard;
			sourceTree = "<group>";
		};
		3642DF612A9253F7009986C7 /* LaunchScreen.storyboard */ = {
			isa = PBXVariantGroup;
			children = (
				3642DF622A9253F7009986C7 /* Base */,
			);
			name = LaunchScreen.storyboard;
			sourceTree = "<group>";
		};
/* End PBXVariantGroup section */

/* Begin XCBuildConfiguration section */
		3642DF652A9253F7009986C7 /* Debug */ = {
			isa = XCBuildConfiguration;
			buildSettings = {
				ALWAYS_SEARCH_USER_PATHS = NO;
				CLANG_ANALYZER_NONNULL = YES;
				CLANG_ANALYZER_NUMBER_OBJECT_CONVERSION = YES_AGGRESSIVE;
				CLANG_CXX_LANGUAGE_STANDARD = "gnu++20";
				CLANG_ENABLE_MODULES = YES;
				CLANG_ENABLE_OBJC_ARC = YES;
				CLANG_ENABLE_OBJC_WEAK = YES;
				CLANG_WARN_BLOCK_CAPTURE_AUTORELEASING = YES;
				CLANG_WARN_BOOL_CONVERSION = YES;
				CLANG_WARN_COMMA = YES;
				CLANG_WARN_CONSTANT_CONVERSION = YES;
				CLANG_WARN_DEPRECATED_OBJC_IMPLEMENTATIONS = YES;
				CLANG_WARN_DIRECT_OBJC_ISA_USAGE = YES_ERROR;
				CLANG_WARN_DOCUMENTATION_COMMENTS = YES;
				CLANG_WARN_EMPTY_BODY = YES;
				CLANG_WARN_ENUM_CONVERSION = YES;
				CLANG_WARN_INFINITE_RECURSION = YES;
				CLANG_WARN_INT_CONVERSION = YES;
				CLANG_WARN_NON_LITERAL_NULL_CONVERSION = YES;
				CLANG_WARN_OBJC_IMPLICIT_RETAIN_SELF = YES;
				CLANG_WARN_OBJC_LITERAL_CONVERSION = YES;
				CLANG_WARN_OBJC_ROOT_CLASS = YES_ERROR;
				CLANG_WARN_QUOTED_INCLUDE_IN_FRAMEWORK_HEADER = YES;
				CLANG_WARN_RANGE_LOOP_ANALYSIS = YES;
				CLANG_WARN_STRICT_PROTOTYPES = YES;
				CLANG_WARN_SUSPICIOUS_MOVE = YES;
				CLANG_WARN_UNGUARDED_AVAILABILITY = YES_AGGRESSIVE;
				CLANG_WARN_UNREACHABLE_CODE = YES;
				CLANG_WARN__DUPLICATE_METHOD_MATCH = YES;
				COPY_PHASE_STRIP = NO;
				DEBUG_INFORMATION_FORMAT = dwarf;
				ENABLE_STRICT_OBJC_MSGSEND = YES;
				ENABLE_TESTABILITY = YES;
				GCC_C_LANGUAGE_STANDARD = gnu11;
				GCC_DYNAMIC_NO_PIC = NO;
				GCC_NO_COMMON_BLOCKS = YES;
				GCC_OPTIMIZATION_LEVEL = 0;
				GCC_PREPROCESSOR_DEFINITIONS = (
					"DEBUG=1",
					"$(inherited)",
				);
				GCC_WARN_64_TO_32_BIT_CONVERSION = YES;
				GCC_WARN_ABOUT_RETURN_TYPE = YES_ERROR;
				GCC_WARN_UNDECLARED_SELECTOR = YES;
				GCC_WARN_UNINITIALIZED_AUTOS = YES_AGGRESSIVE;
				GCC_WARN_UNUSED_FUNCTION = YES;
				GCC_WARN_UNUSED_VARIABLE = YES;
				IPHONEOS_DEPLOYMENT_TARGET = 16.2;
				MTL_ENABLE_DEBUG_INFO = INCLUDE_SOURCE;
				MTL_FAST_MATH = YES;
				ONLY_ACTIVE_ARCH = YES;
				SDKROOT = iphoneos;
				SWIFT_ACTIVE_COMPILATION_CONDITIONS = DEBUG;
				SWIFT_OPTIMIZATION_LEVEL = "-Onone";
			};
			name = Debug;
		};
		3642DF662A9253F7009986C7 /* Release */ = {
			isa = XCBuildConfiguration;
			buildSettings = {
				ALWAYS_SEARCH_USER_PATHS = NO;
				CLANG_ANALYZER_NONNULL = YES;
				CLANG_ANALYZER_NUMBER_OBJECT_CONVERSION = YES_AGGRESSIVE;
				CLANG_CXX_LANGUAGE_STANDARD = "gnu++20";
				CLANG_ENABLE_MODULES = YES;
				CLANG_ENABLE_OBJC_ARC = YES;
				CLANG_ENABLE_OBJC_WEAK = YES;
				CLANG_WARN_BLOCK_CAPTURE_AUTORELEASING = YES;
				CLANG_WARN_BOOL_CONVERSION = YES;
				CLANG_WARN_COMMA = YES;
				CLANG_WARN_CONSTANT_CONVERSION = YES;
				CLANG_WARN_DEPRECATED_OBJC_IMPLEMENTATIONS = YES;
				CLANG_WARN_DIRECT_OBJC_ISA_USAGE = YES_ERROR;
				CLANG_WARN_DOCUMENTATION_COMMENTS = YES;
				CLANG_WARN_EMPTY_BODY = YES;
				CLANG_WARN_ENUM_CONVERSION = YES;
				CLANG_WARN_INFINITE_RECURSION = YES;
				CLANG_WARN_INT_CONVERSION = YES;
				CLANG_WARN_NON_LITERAL_NULL_CONVERSION = YES;
				CLANG_WARN_OBJC_IMPLICIT_RETAIN_SELF = YES;
				CLANG_WARN_OBJC_LITERAL_CONVERSION = YES;
				CLANG_WARN_OBJC_ROOT_CLASS = YES_ERROR;
				CLANG_WARN_QUOTED_INCLUDE_IN_FRAMEWORK_HEADER = YES;
				CLANG_WARN_RANGE_LOOP_ANALYSIS = YES;
				CLANG_WARN_STRICT_PROTOTYPES = YES;
				CLANG_WARN_SUSPICIOUS_MOVE = YES;
				CLANG_WARN_UNGUARDED_AVAILABILITY = YES_AGGRESSIVE;
				CLANG_WARN_UNREACHABLE_CODE = YES;
				CLANG_WARN__DUPLICATE_METHOD_MATCH = YES;
				COPY_PHASE_STRIP = NO;
				DEBUG_INFORMATION_FORMAT = "dwarf-with-dsym";
				ENABLE_NS_ASSERTIONS = NO;
				ENABLE_STRICT_OBJC_MSGSEND = YES;
				GCC_C_LANGUAGE_STANDARD = gnu11;
				GCC_NO_COMMON_BLOCKS = YES;
				GCC_WARN_64_TO_32_BIT_CONVERSION = YES;
				GCC_WARN_ABOUT_RETURN_TYPE = YES_ERROR;
				GCC_WARN_UNDECLARED_SELECTOR = YES;
				GCC_WARN_UNINITIALIZED_AUTOS = YES_AGGRESSIVE;
				GCC_WARN_UNUSED_FUNCTION = YES;
				GCC_WARN_UNUSED_VARIABLE = YES;
				IPHONEOS_DEPLOYMENT_TARGET = 16.2;
				MTL_ENABLE_DEBUG_INFO = NO;
				MTL_FAST_MATH = YES;
				SDKROOT = iphoneos;
				SWIFT_COMPILATION_MODE = wholemodule;
				SWIFT_OPTIMIZATION_LEVEL = "-O";
				VALIDATE_PRODUCT = YES;
			};
			name = Release;
		};
		3642DF682A9253F7009986C7 /* Debug */ = {
			isa = XCBuildConfiguration;
			baseConfigurationReference = 17A3494232108B05FDFFE667 /* Pods-SuperHeroApp.debug.xcconfig */;
			buildSettings = {
				ASSETCATALOG_COMPILER_APPICON_NAME = AppIcon;
				ASSETCATALOG_COMPILER_GLOBAL_ACCENT_COLOR_NAME = AccentColor;
				CODE_SIGN_STYLE = Automatic;
				CURRENT_PROJECT_VERSION = 1;
				DEVELOPMENT_TEAM = USNVURQ5JK;
				GENERATE_INFOPLIST_FILE = YES;
				INFOPLIST_FILE = SuperHeroApp/Info.plist;
				INFOPLIST_KEY_UIApplicationSupportsIndirectInputEvents = YES;
				INFOPLIST_KEY_UILaunchStoryboardName = LaunchScreen;
				INFOPLIST_KEY_UIMainStoryboardFile = Main;
				INFOPLIST_KEY_UISupportedInterfaceOrientations_iPad = "UIInterfaceOrientationPortrait UIInterfaceOrientationPortraitUpsideDown UIInterfaceOrientationLandscapeLeft UIInterfaceOrientationLandscapeRight";
				INFOPLIST_KEY_UISupportedInterfaceOrientations_iPhone = "UIInterfaceOrientationPortrait UIInterfaceOrientationLandscapeLeft UIInterfaceOrientationLandscapeRight";
				LD_RUNPATH_SEARCH_PATHS = (
					"$(inherited)",
					"@executable_path/Frameworks",
				);
				MARKETING_VERSION = 1.0;
				PRODUCT_BUNDLE_IDENTIFIER = ca.humber.SuperHeroApp;
				PRODUCT_NAME = "$(TARGET_NAME)";
				SWIFT_EMIT_LOC_STRINGS = YES;
				SWIFT_VERSION = 5.0;
				TARGETED_DEVICE_FAMILY = "1,2";
			};
			name = Debug;
		};
		3642DF692A9253F7009986C7 /* Release */ = {
			isa = XCBuildConfiguration;
			baseConfigurationReference = D82DC6031FB61376618F1E73 /* Pods-SuperHeroApp.release.xcconfig */;
			buildSettings = {
				ASSETCATALOG_COMPILER_APPICON_NAME = AppIcon;
				ASSETCATALOG_COMPILER_GLOBAL_ACCENT_COLOR_NAME = AccentColor;
				CODE_SIGN_STYLE = Automatic;
				CURRENT_PROJECT_VERSION = 1;
				DEVELOPMENT_TEAM = USNVURQ5JK;
				GENERATE_INFOPLIST_FILE = YES;
				INFOPLIST_FILE = SuperHeroApp/Info.plist;
				INFOPLIST_KEY_UIApplicationSupportsIndirectInputEvents = YES;
				INFOPLIST_KEY_UILaunchStoryboardName = LaunchScreen;
				INFOPLIST_KEY_UIMainStoryboardFile = Main;
				INFOPLIST_KEY_UISupportedInterfaceOrientations_iPad = "UIInterfaceOrientationPortrait UIInterfaceOrientationPortraitUpsideDown UIInterfaceOrientationLandscapeLeft UIInterfaceOrientationLandscapeRight";
				INFOPLIST_KEY_UISupportedInterfaceOrientations_iPhone = "UIInterfaceOrientationPortrait UIInterfaceOrientationLandscapeLeft UIInterfaceOrientationLandscapeRight";
				LD_RUNPATH_SEARCH_PATHS = (
					"$(inherited)",
					"@executable_path/Frameworks",
				);
				MARKETING_VERSION = 1.0;
				PRODUCT_BUNDLE_IDENTIFIER = ca.humber.SuperHeroApp;
				PRODUCT_NAME = "$(TARGET_NAME)";
				SWIFT_EMIT_LOC_STRINGS = YES;
				SWIFT_VERSION = 5.0;
				TARGETED_DEVICE_FAMILY = "1,2";
			};
			name = Release;
		};
/* End XCBuildConfiguration section */

/* Begin XCConfigurationList section */
		3642DF4E2A9253F5009986C7 /* Build configuration list for PBXProject "SuperHeroApp" */ = {
			isa = XCConfigurationList;
			buildConfigurations = (
				3642DF652A9253F7009986C7 /* Debug */,
				3642DF662A9253F7009986C7 /* Release */,
			);
			defaultConfigurationIsVisible = 0;
			defaultConfigurationName = Release;
		};
		3642DF672A9253F7009986C7 /* Build configuration list for PBXNativeTarget "SuperHeroApp" */ = {
			isa = XCConfigurationList;
			buildConfigurations = (
				3642DF682A9253F7009986C7 /* Debug */,
				3642DF692A9253F7009986C7 /* Release */,
			);
			defaultConfigurationIsVisible = 0;
			defaultConfigurationName = Release;
		};
/* End XCConfigurationList section */

/* Begin XCVersionGroup section */
		3642DF8C2A925D6E009986C7 /* photoDataModel.xcdatamodeld */ = {
			isa = XCVersionGroup;
			children = (
				3642DF8D2A925D6E009986C7 /* photoDataModel.xcdatamodel */,
			);
			currentVersion = 3642DF8D2A925D6E009986C7 /* photoDataModel.xcdatamodel */;
			path = photoDataModel.xcdatamodeld;
			sourceTree = "<group>";
			versionGroupType = wrapper.xcdatamodel;
		};
/* End XCVersionGroup section */
	};
	rootObject = 3642DF4B2A9253F5009986C7 /* Project object */;
}
